
Microsoft Visual Studio Solution File, Format Version 12.00
# Visual Studio Version 16
VisualStudioVersion = 16.0.28803.452
MinimumVisualStudioVersion = 10.0.40219.1
Project("{FAE04EC0-301F-11D3-BF4B-00C04F79EFBC}") = "Vidly2", "Vidly2\Vidly2.csproj", "{2598D571-566E-4BE6-A43C-AC6D1E5342CE}"
EndProject
Global
	GlobalSection(SolutionConfigurationPlatforms) = preSolution
		Debug|Any CPU = Debug|Any CPU
		Release|Any CPU = Release|Any CPU
	EndGlobalSection
	GlobalSection(ProjectConfigurationPlatforms) = postSolution
		{2598D571-566E-4BE6-A43C-AC6D1E5342CE}.Debug|Any CPU.ActiveCfg = Debug|Any CPU
		{2598D571-566E-4BE6-A43C-AC6D1E5342CE}.Debug|Any CPU.Build.0 = Debug|Any CPU
		{2598D571-566E-4BE6-A43C-AC6D1E5342CE}.Release|Any CPU.ActiveCfg = Release|Any CPU
		{2598D571-566E-4BE6-A43C-AC6D1E5342CE}.Release|Any CPU.Build.0 = Release|Any CPU
	EndGlobalSection
	GlobalSection(SolutionProperties) = preSolution
		HideSolutionNode = FALSE
	EndGlobalSection
	GlobalSection(ExtensibilityGlobals) = postSolution
		SolutionGuid = {ECAD950A-41E1-4E65-8F6F-ABF13828B697}
	EndGlobalSection
EndGlobal
